
Microsoft Visual Studio Solution File, Format Version 12.00
# Visual Studio Version 16
VisualStudioVersion = 16.0.32002.261
MinimumVisualStudioVersion = 10.0.40219.1
Project("{9A19103F-16F7-4668-BE54-9A1E7A4F7556}") = "VikingRaktar", "VikingRaktar\VikingRaktar.csproj", "{664D02A9-6103-4ECD-B057-AB4C7EE4EA7C}"
EndProject
Project("{FAE04EC0-301F-11D3-BF4B-00C04F79EFBC}") = "TestVikingRaktar", "TestVikingRaktar\TestVikingRaktar.csproj", "{D5563BA0-C73B-46CB-8131-8F024A836A48}"
EndProject
Global
	GlobalSection(SolutionConfigurationPlatforms) = preSolution
		Debug|Any CPU = Debug|Any CPU
		Release|Any CPU = Release|Any CPU
	EndGlobalSection
	GlobalSection(ProjectConfigurationPlatforms) = postSolution
		{664D02A9-6103-4ECD-B057-AB4C7EE4EA7C}.Debug|Any CPU.ActiveCfg = Debug|Any CPU
		{664D02A9-6103-4ECD-B057-AB4C7EE4EA7C}.Debug|Any CPU.Build.0 = Debug|Any CPU
		{664D02A9-6103-4ECD-B057-AB4C7EE4EA7C}.Release|Any CPU.ActiveCfg = Release|Any CPU
		{664D02A9-6103-4ECD-B057-AB4C7EE4EA7C}.Release|Any CPU.Build.0 = Release|Any CPU
		{D5563BA0-C73B-46CB-8131-8F024A836A48}.Debug|Any CPU.ActiveCfg = Debug|Any CPU
		{D5563BA0-C73B-46CB-8131-8F024A836A48}.Debug|Any CPU.Build.0 = Debug|Any CPU
		{D5563BA0-C73B-46CB-8131-8F024A836A48}.Release|Any CPU.ActiveCfg = Release|Any CPU
		{D5563BA0-C73B-46CB-8131-8F024A836A48}.Release|Any CPU.Build.0 = Release|Any CPU
	EndGlobalSection
	GlobalSection(SolutionProperties) = preSolution
		HideSolutionNode = FALSE
	EndGlobalSection
	GlobalSection(ExtensibilityGlobals) = postSolution
		SolutionGuid = {55814140-F89F-40FD-85C1-CF2510E5417E}
	EndGlobalSection
EndGlobal
